// !$*UTF8*$!
{
	archiveVersion = 1;
	classes = {
	};
	objectVersion = 55;
	objects = {

/* Begin PBXBuildFile section */
		CA187E41283F419000BD304E /* NewsFeedAppApp.swift in Sources */ = {isa = PBXBuildFile; fileRef = CA187E40283F419000BD304E /* NewsFeedAppApp.swift */; };
		CA187E43283F419000BD304E /* ContentView.swift in Sources */ = {isa = PBXBuildFile; fileRef = CA187E42283F419000BD304E /* ContentView.swift */; };
		CA187E45283F419100BD304E /* Assets.xcassets in Resources */ = {isa = PBXBuildFile; fileRef = CA187E44283F419100BD304E /* Assets.xcassets */; };
		CA187E48283F419100BD304E /* Preview Assets.xcassets in Resources */ = {isa = PBXBuildFile; fileRef = CA187E47283F419100BD304E /* Preview Assets.xcassets */; };
		CA187E52283F419100BD304E /* NewsFeedAppTests.swift in Sources */ = {isa = PBXBuildFile; fileRef = CA187E51283F419100BD304E /* NewsFeedAppTests.swift */; };
		CA187E5C283F419100BD304E /* NewsFeedAppUITests.swift in Sources */ = {isa = PBXBuildFile; fileRef = CA187E5B283F419100BD304E /* NewsFeedAppUITests.swift */; };
		CA187E5E283F419100BD304E /* NewsFeedAppUITestsLaunchTests.swift in Sources */ = {isa = PBXBuildFile; fileRef = CA187E5D283F419100BD304E /* NewsFeedAppUITestsLaunchTests.swift */; };
/* End PBXBuildFile section */

/* Begin PBXContainerItemProxy section */
		CA187E4E283F419100BD304E /* PBXContainerItemProxy */ = {
			isa = PBXContainerItemProxy;
			containerPortal = CA187E35283F419000BD304E /* Project object */;
			proxyType = 1;
			remoteGlobalIDString = CA187E3C283F419000BD304E;
			remoteInfo = NewsFeedApp;
		};
		CA187E58283F419100BD304E /* PBXContainerItemProxy */ = {
			isa = PBXContainerItemProxy;
			containerPortal = CA187E35283F419000BD304E /* Project object */;
			proxyType = 1;
			remoteGlobalIDString = CA187E3C283F419000BD304E;
			remoteInfo = NewsFeedApp;
		};
/* End PBXContainerItemProxy section */

/* Begin PBXFileReference section */
		CA187E3D283F419000BD304E /* NewsFeedApp.app */ = {isa = PBXFileReference; explicitFileType = wrapper.application; includeInIndex = 0; path = NewsFeedApp.app; sourceTree = BUILT_PRODUCTS_DIR; };
		CA187E40283F419000BD304E /* NewsFeedAppApp.swift */ = {isa = PBXFileReference; lastKnownFileType = sourcecode.swift; path = NewsFeedAppApp.swift; sourceTree = "<group>"; };
		CA187E42283F419000BD304E /* ContentView.swift */ = {isa = PBXFileReference; lastKnownFileType = sourcecode.swift; path = ContentView.swift; sourceTree = "<group>"; };
		CA187E44283F419100BD304E /* Assets.xcassets */ = {isa = PBXFileReference; lastKnownFileType = folder.assetcatalog; path = Assets.xcassets; sourceTree = "<group>"; };
		CA187E47283F419100BD304E /* Preview Assets.xcassets */ = {isa = PBXFileReference; lastKnownFileType = folder.assetcatalog; path = "Preview Assets.xcassets"; sourceTree = "<group>"; };
		CA187E4D283F419100BD304E /* NewsFeedAppTests.xctest */ = {isa = PBXFileReference; explicitFileType = wrapper.cfbundle; includeInIndex = 0; path = NewsFeedAppTests.xctest; sourceTree = BUILT_PRODUCTS_DIR; };
		CA187E51283F419100BD304E /* NewsFeedAppTests.swift */ = {isa = PBXFileReference; lastKnownFileType = sourcecode.swift; path = NewsFeedAppTests.swift; sourceTree = "<group>"; };
		CA187E57283F419100BD304E /* NewsFeedAppUITests.xctest */ = {isa = PBXFileReference; explicitFileType = wrapper.cfbundle; includeInIndex = 0; path = NewsFeedAppUITests.xctest; sourceTree = BUILT_PRODUCTS_DIR; };
		CA187E5B283F419100BD304E /* NewsFeedAppUITests.swift */ = {isa = PBXFileReference; lastKnownFileType = sourcecode.swift; path = NewsFeedAppUITests.swift; sourceTree = "<group>"; };
		CA187E5D283F419100BD304E /* NewsFeedAppUITestsLaunchTests.swift */ = {isa = PBXFileReference; lastKnownFileType = sourcecode.swift; path = NewsFeedAppUITestsLaunchTests.swift; sourceTree = "<group>"; };
/* End PBXFileReference section */

/* Begin PBXFrameworksBuildPhase section */
		CA187E3A283F419000BD304E /* Frameworks */ = {
			isa = PBXFrameworksBuildPhase;
			buildActionMask = 2147483647;
			files = (
			);
			runOnlyForDeploymentPostprocessing = 0;
		};
		CA187E4A283F419100BD304E /* Frameworks */ = {
			isa = PBXFrameworksBuildPhase;
			buildActionMask = 2147483647;
			files = (
			);
			runOnlyForDeploymentPostprocessing = 0;
		};
		CA187E54283F419100BD304E /* Frameworks */ = {
			isa = PBXFrameworksBuildPhase;
			buildActionMask = 2147483647;
			files = (
			);
			runOnlyForDeploymentPostprocessing = 0;
		};
/* End PBXFrameworksBuildPhase section */

/* Begin PBXGroup section */
		CA187E34283F419000BD304E = {
			isa = PBXGroup;
			children = (
				CA187E3F283F419000BD304E /* NewsFeedApp */,
				CA187E50283F419100BD304E /* NewsFeedAppTests */,
				CA187E5A283F419100BD304E /* NewsFeedAppUITests */,
				CA187E3E283F419000BD304E /* Products */,
			);
			sourceTree = "<group>";
		};
		CA187E3E283F419000BD304E /* Products */ = {
			isa = PBXGroup;
			children = (
				CA187E3D283F419000BD304E /* NewsFeedApp.app */,
				CA187E4D283F419100BD304E /* NewsFeedAppTests.xctest */,
				CA187E57283F419100BD304E /* NewsFeedAppUITests.xctest */,
			);
			name = Products;
			sourceTree = "<group>";
		};
		CA187E3F283F419000BD304E /* NewsFeedApp */ = {
			isa = PBXGroup;
			children = (
				CA187E40283F419000BD304E /* NewsFeedAppApp.swift */,
				CA187E42283F419000BD304E /* ContentView.swift */,
				CA187E44283F419100BD304E /* Assets.xcassets */,
				CA187E46283F419100BD304E /* Preview Content */,
			);
			path = NewsFeedApp;
			sourceTree = "<group>";
		};
		CA187E46283F419100BD304E /* Preview Content */ = {
			isa = PBXGroup;
			children = (
				CA187E47283F419100BD304E /* Preview Assets.xcassets */,
			);
			path = "Preview Content";
			sourceTree = "<group>";
		};
		CA187E50283F419100BD304E /* NewsFeedAppTests */ = {
			isa = PBXGroup;
			children = (
				CA187E51283F419100BD304E /* NewsFeedAppTests.swift */,
			);
			path = NewsFeedAppTests;
			sourceTree = "<group>";
		};
		CA187E5A283F419100BD304E /* NewsFeedAppUITests */ = {
			isa = PBXGroup;
			children = (
				CA187E5B283F419100BD304E /* NewsFeedAppUITests.swift */,
				CA187E5D283F419100BD304E /* NewsFeedAppUITestsLaunchTests.swift */,
			);
			path = NewsFeedAppUITests;
			sourceTree = "<group>";
		};
/* End PBXGroup section */

/* Begin PBXNativeTarget section */
		CA187E3C283F419000BD304E /* NewsFeedApp */ = {
			isa = PBXNativeTarget;
			buildConfigurationList = CA187E61283F419100BD304E /* Build configuration list for PBXNativeTarget "NewsFeedApp" */;
			buildPhases = (
				CA187E39283F419000BD304E /* Sources */,
				CA187E3A283F419000BD304E /* Frameworks */,
				CA187E3B283F419000BD304E /* Resources */,
			);
			buildRules = (
			);
			dependencies = (
			);
			name = NewsFeedApp;
			productName = NewsFeedApp;
			productReference = CA187E3D283F419000BD304E /* NewsFeedApp.app */;
			productType = "com.apple.product-type.application";
		};
		CA187E4C283F419100BD304E /* NewsFeedAppTests */ = {
			isa = PBXNativeTarget;
			buildConfigurationList = CA187E64283F419100BD304E /* Build configuration list for PBXNativeTarget "NewsFeedAppTests" */;
			buildPhases = (
				CA187E49283F419100BD304E /* Sources */,
				CA187E4A283F419100BD304E /* Frameworks */,
				CA187E4B283F419100BD304E /* Resources */,
			);
			buildRules = (
			);
			dependencies = (
				CA187E4F283F419100BD304E /* PBXTargetDependency */,
			);
			name = NewsFeedAppTests;
			productName = NewsFeedAppTests;
			productReference = CA187E4D283F419100BD304E /* NewsFeedAppTests.xctest */;
			productType = "com.apple.product-type.bundle.unit-test";
		};
		CA187E56283F419100BD304E /* NewsFeedAppUITests */ = {
			isa = PBXNativeTarget;
			buildConfigurationList = CA187E67283F419100BD304E /* Build configuration list for PBXNativeTarget "NewsFeedAppUITests" */;
			buildPhases = (
				CA187E53283F419100BD304E /* Sources */,
				CA187E54283F419100BD304E /* Frameworks */,
				CA187E55283F419100BD304E /* Resources */,
			);
			buildRules = (
			);
			dependencies = (
				CA187E59283F419100BD304E /* PBXTargetDependency */,
			);
			name = NewsFeedAppUITests;
			productName = NewsFeedAppUITests;
			productReference = CA187E57283F419100BD304E /* NewsFeedAppUITests.xctest */;
			productType = "com.apple.product-type.bundle.ui-testing";
		};
/* End PBXNativeTarget section */

/* Begin PBXProject section */
		CA187E35283F419000BD304E /* Project object */ = {
			isa = PBXProject;
			attributes = {
				BuildIndependentTargetsInParallel = 1;
				LastSwiftUpdateCheck = 1320;
				LastUpgradeCheck = 1320;
				TargetAttributes = {
					CA187E3C283F419000BD304E = {
						CreatedOnToolsVersion = 13.2.1;
					};
					CA187E4C283F419100BD304E = {
						CreatedOnToolsVersion = 13.2.1;
						TestTargetID = CA187E3C283F419000BD304E;
					};
					CA187E56283F419100BD304E = {
						CreatedOnToolsVersion = 13.2.1;
						TestTargetID = CA187E3C283F419000BD304E;
					};
				};
			};
			buildConfigurationList = CA187E38283F419000BD304E /* Build configuration list for PBXProject "NewsFeedApp" */;
			compatibilityVersion = "Xcode 13.0";
			developmentRegion = en;
			hasScannedForEncodings = 0;
			knownRegions = (
				en,
				Base,
			);
			mainGroup = CA187E34283F419000BD304E;
			productRefGroup = CA187E3E283F419000BD304E /* Products */;
			projectDirPath = "";
			projectRoot = "";
			targets = (
				CA187E3C283F419000BD304E /* NewsFeedApp */,
				CA187E4C283F419100BD304E /* NewsFeedAppTests */,
				CA187E56283F419100BD304E /* NewsFeedAppUITests */,
			);
		};
/* End PBXProject section */

/* Begin PBXResourcesBuildPhase section */
		CA187E3B283F419000BD304E /* Resources */ = {
			isa = PBXResourcesBuildPhase;
			buildActionMask = 2147483647;
			files = (
				CA187E48283F419100BD304E /* Preview Assets.xcassets in Resources */,
				CA187E45283F419100BD304E /* Assets.xcassets in Resources */,
			);
			runOnlyForDeploymentPostprocessing = 0;
		};
		CA187E4B283F419100BD304E /* Resources */ = {
			isa = PBXResourcesBuildPhase;
			buildActionMask = 2147483647;
			files = (
			);
			runOnlyForDeploymentPostprocessing = 0;
		};
		CA187E55283F419100BD304E /* Resources */ = {
			isa = PBXResourcesBuildPhase;
			buildActionMask = 2147483647;
			files = (
			);
			runOnlyForDeploymentPostprocessing = 0;
		};
/* End PBXResourcesBuildPhase section */

/* Begin PBXSourcesBuildPhase section */
		CA187E39283F419000BD304E /* Sources */ = {
			isa = PBXSourcesBuildPhase;
			buildActionMask = 2147483647;
			files = (
				CA187E43283F419000BD304E /* ContentView.swift in Sources */,
				CA187E41283F419000BD304E /* NewsFeedAppApp.swift in Sources */,
			);
			runOnlyForDeploymentPostprocessing = 0;
		};
		CA187E49283F419100BD304E /* Sources */ = {
			isa = PBXSourcesBuildPhase;
			buildActionMask = 2147483647;
			files = (
				CA187E52283F419100BD304E /* NewsFeedAppTests.swift in Sources */,
			);
			runOnlyForDeploymentPostprocessing = 0;
		};
		CA187E53283F419100BD304E /* Sources */ = {
			isa = PBXSourcesBuildPhase;
			buildActionMask = 2147483647;
			files = (
				CA187E5C283F419100BD304E /* NewsFeedAppUITests.swift in Sources */,
				CA187E5E283F419100BD304E /* NewsFeedAppUITestsLaunchTests.swift in Sources */,
			);
			runOnlyForDeploymentPostprocessing = 0;
		};
/* End PBXSourcesBuildPhase section */

/* Begin PBXTargetDependency section */
		CA187E4F283F419100BD304E /* PBXTargetDependency */ = {
			isa = PBXTargetDependency;
			target = CA187E3C283F419000BD304E /* NewsFeedApp */;
			targetProxy = CA187E4E283F419100BD304E /* PBXContainerItemProxy */;
		};
		CA187E59283F419100BD304E /* PBXTargetDependency */ = {
			isa = PBXTargetDependency;
			target = CA187E3C283F419000BD304E /* NewsFeedApp */;
			targetProxy = CA187E58283F419100BD304E /* PBXContainerItemProxy */;
		};
/* End PBXTargetDependency section */

/* Begin XCBuildConfiguration section */
		CA187E5F283F419100BD304E /* Debug */ = {
			isa = XCBuildConfiguration;
			buildSettings = {
				ALWAYS_SEARCH_USER_PATHS = NO;
				CLANG_ANALYZER_NONNULL = YES;
				CLANG_ANALYZER_NUMBER_OBJECT_CONVERSION = YES_AGGRESSIVE;
				CLANG_CXX_LANGUAGE_STANDARD = "gnu++17";
				CLANG_CXX_LIBRARY = "libc++";
				CLANG_ENABLE_MODULES = YES;
				CLANG_ENABLE_OBJC_ARC = YES;
				CLANG_ENABLE_OBJC_WEAK = YES;
				CLANG_WARN_BLOCK_CAPTURE_AUTORELEASING = YES;
				CLANG_WARN_BOOL_CONVERSION = YES;
				CLANG_WARN_COMMA = YES;
				CLANG_WARN_CONSTANT_CONVERSION = YES;
				CLANG_WARN_DEPRECATED_OBJC_IMPLEMENTATIONS = YES;
				CLANG_WARN_DIRECT_OBJC_ISA_USAGE = YES_ERROR;
				CLANG_WARN_DOCUMENTATION_COMMENTS = YES;
				CLANG_WARN_EMPTY_BODY = YES;
				CLANG_WARN_ENUM_CONVERSION = YES;
				CLANG_WARN_INFINITE_RECURSION = YES;
				CLANG_WARN_INT_CONVERSION = YES;
				CLANG_WARN_NON_LITERAL_NULL_CONVERSION = YES;
				CLANG_WARN_OBJC_IMPLICIT_RETAIN_SELF = YES;
				CLANG_WARN_OBJC_LITERAL_CONVERSION = YES;
				CLANG_WARN_OBJC_ROOT_CLASS = YES_ERROR;
				CLANG_WARN_QUOTED_INCLUDE_IN_FRAMEWORK_HEADER = YES;
				CLANG_WARN_RANGE_LOOP_ANALYSIS = YES;
				CLANG_WARN_STRICT_PROTOTYPES = YES;
				CLANG_WARN_SUSPICIOUS_MOVE = YES;
				CLANG_WARN_UNGUARDED_AVAILABILITY = YES_AGGRESSIVE;
				CLANG_WARN_UNREACHABLE_CODE = YES;
				CLANG_WARN__DUPLICATE_METHOD_MATCH = YES;
				COPY_PHASE_STRIP = NO;
				DEBUG_INFORMATION_FORMAT = dwarf;
				ENABLE_STRICT_OBJC_MSGSEND = YES;
				ENABLE_TESTABILITY = YES;
				GCC_C_LANGUAGE_STANDARD = gnu11;
				GCC_DYNAMIC_NO_PIC = NO;
				GCC_NO_COMMON_BLOCKS = YES;
				GCC_OPTIMIZATION_LEVEL = 0;
				GCC_PREPROCESSOR_DEFINITIONS = (
					"DEBUG=1",
					"$(inherited)",
				);
				GCC_WARN_64_TO_32_BIT_CONVERSION = YES;
				GCC_WARN_ABOUT_RETURN_TYPE = YES_ERROR;
				GCC_WARN_UNDECLARED_SELECTOR = YES;
				GCC_WARN_UNINITIALIZED_AUTOS = YES_AGGRESSIVE;
				GCC_WARN_UNUSED_FUNCTION = YES;
				GCC_WARN_UNUSED_VARIABLE = YES;
				IPHONEOS_DEPLOYMENT_TARGET = 15.2;
				MTL_ENABLE_DEBUG_INFO = INCLUDE_SOURCE;
				MTL_FAST_MATH = YES;
				ONLY_ACTIVE_ARCH = YES;
				SDKROOT = iphoneos;
				SWIFT_ACTIVE_COMPILATION_CONDITIONS = DEBUG;
				SWIFT_OPTIMIZATION_LEVEL = "-Onone";
			};
			name = Debug;
		};
		CA187E60283F419100BD304E /* Release */ = {
			isa = XCBuildConfiguration;
			buildSettings = {
				ALWAYS_SEARCH_USER_PATHS = NO;
				CLANG_ANALYZER_NONNULL = YES;
				CLANG_ANALYZER_NUMBER_OBJECT_CONVERSION = YES_AGGRESSIVE;
				CLANG_CXX_LANGUAGE_STANDARD = "gnu++17";
				CLANG_CXX_LIBRARY = "libc++";
				CLANG_ENABLE_MODULES = YES;
				CLANG_ENABLE_OBJC_ARC = YES;
				CLANG_ENABLE_OBJC_WEAK = YES;
				CLANG_WARN_BLOCK_CAPTURE_AUTORELEASING = YES;
				CLANG_WARN_BOOL_CONVERSION = YES;
				CLANG_WARN_COMMA = YES;
				CLANG_WARN_CONSTANT_CONVERSION = YES;
				CLANG_WARN_DEPRECATED_OBJC_IMPLEMENTATIONS = YES;
				CLANG_WARN_DIRECT_OBJC_ISA_USAGE = YES_ERROR;
				CLANG_WARN_DOCUMENTATION_COMMENTS = YES;
				CLANG_WARN_EMPTY_BODY = YES;
				CLANG_WARN_ENUM_CONVERSION = YES;
				CLANG_WARN_INFINITE_RECURSION = YES;
				CLANG_WARN_INT_CONVERSION = YES;
				CLANG_WARN_NON_LITERAL_NULL_CONVERSION = YES;
				CLANG_WARN_OBJC_IMPLICIT_RETAIN_SELF = YES;
				CLANG_WARN_OBJC_LITERAL_CONVERSION = YES;
				CLANG_WARN_OBJC_ROOT_CLASS = YES_ERROR;
				CLANG_WARN_QUOTED_INCLUDE_IN_FRAMEWORK_HEADER = YES;
				CLANG_WARN_RANGE_LOOP_ANALYSIS = YES;
				CLANG_WARN_STRICT_PROTOTYPES = YES;
				CLANG_WARN_SUSPICIOUS_MOVE = YES;
				CLANG_WARN_UNGUARDED_AVAILABILITY = YES_AGGRESSIVE;
				CLANG_WARN_UNREACHABLE_CODE = YES;
				CLANG_WARN__DUPLICATE_METHOD_MATCH = YES;
				COPY_PHASE_STRIP = NO;
				DEBUG_INFORMATION_FORMAT = "dwarf-with-dsym";
				ENABLE_NS_ASSERTIONS = NO;
				ENABLE_STRICT_OBJC_MSGSEND = YES;
				GCC_C_LANGUAGE_STANDARD = gnu11;
				GCC_NO_COMMON_BLOCKS = YES;
				GCC_WARN_64_TO_32_BIT_CONVERSION = YES;
				GCC_WARN_ABOUT_RETURN_TYPE = YES_ERROR;
				GCC_WARN_UNDECLARED_SELECTOR = YES;
				GCC_WARN_UNINITIALIZED_AUTOS = YES_AGGRESSIVE;
				GCC_WARN_UNUSED_FUNCTION = YES;
				GCC_WARN_UNUSED_VARIABLE = YES;
				IPHONEOS_DEPLOYMENT_TARGET = 15.2;
				MTL_ENABLE_DEBUG_INFO = NO;
				MTL_FAST_MATH = YES;
				SDKROOT = iphoneos;
				SWIFT_COMPILATION_MODE = wholemodule;
				SWIFT_OPTIMIZATION_LEVEL = "-O";
				VALIDATE_PRODUCT = YES;
			};
			name = Release;
		};
		CA187E62283F419100BD304E /* Debug */ = {
			isa = XCBuildConfiguration;
			buildSettings = {
				ASSETCATALOG_COMPILER_APPICON_NAME = AppIcon;
				ASSETCATALOG_COMPILER_GLOBAL_ACCENT_COLOR_NAME = AccentColor;
				CODE_SIGN_STYLE = Automatic;
				CURRENT_PROJECT_VERSION = 1;
				DEVELOPMENT_ASSET_PATHS = "\"NewsFeedApp/Preview Content\"";
				ENABLE_PREVIEWS = YES;
				GENERATE_INFOPLIST_FILE = YES;
				INFOPLIST_KEY_UIApplicationSceneManifest_Generation = YES;
				INFOPLIST_KEY_UIApplicationSupportsIndirectInputEvents = YES;
				INFOPLIST_KEY_UILaunchScreen_Generation = YES;
				INFOPLIST_KEY_UISupportedInterfaceOrientations_iPad = "UIInterfaceOrientationPortrait UIInterfaceOrientationPortraitUpsideDown UIInterfaceOrientationLandscapeLeft UIInterfaceOrientationLandscapeRight";
				INFOPLIST_KEY_UISupportedInterfaceOrientations_iPhone = "UIInterfaceOrientationPortrait UIInterfaceOrientationLandscapeLeft UIInterfaceOrientationLandscapeRight";
				LD_RUNPATH_SEARCH_PATHS = (
					"$(inherited)",
					"@executable_path/Frameworks",
				);
				MARKETING_VERSION = 1.0;
				PRODUCT_BUNDLE_IDENTIFIER = com.rakesh.NewsFeedApp;
				PRODUCT_NAME = "$(TARGET_NAME)";
				SWIFT_EMIT_LOC_STRINGS = YES;
				SWIFT_VERSION = 5.0;
				TARGETED_DEVICE_FAMILY = "1,2";
			};
			name = Debug;
		};
		CA187E63283F419100BD304E /* Release */ = {
			isa = XCBuildConfiguration;
			buildSettings = {
				ASSETCATALOG_COMPILER_APPICON_NAME = AppIcon;
				ASSETCATALOG_COMPILER_GLOBAL_ACCENT_COLOR_NAME = AccentColor;
				CODE_SIGN_STYLE = Automatic;
				CURRENT_PROJECT_VERSION = 1;
				DEVELOPMENT_ASSET_PATHS = "\"NewsFeedApp/Preview Content\"";
				ENABLE_PREVIEWS = YES;
				GENERATE_INFOPLIST_FILE = YES;
				INFOPLIST_KEY_UIApplicationSceneManifest_Generation = YES;
				INFOPLIST_KEY_UIApplicationSupportsIndirectInputEvents = YES;
				INFOPLIST_KEY_UILaunchScreen_Generation = YES;
				INFOPLIST_KEY_UISupportedInterfaceOrientations_iPad = "UIInterfaceOrientationPortrait UIInterfaceOrientationPortraitUpsideDown UIInterfaceOrientationLandscapeLeft UIInterfaceOrientationLandscapeRight";
				INFOPLIST_KEY_UISupportedInterfaceOrientations_iPhone = "UIInterfaceOrientationPortrait UIInterfaceOrientationLandscapeLeft UIInterfaceOrientationLandscapeRight";
				LD_RUNPATH_SEARCH_PATHS = (
					"$(inherited)",
					"@executable_path/Frameworks",
				);
				MARKETING_VERSION = 1.0;
				PRODUCT_BUNDLE_IDENTIFIER = com.rakesh.NewsFeedApp;
				PRODUCT_NAME = "$(TARGET_NAME)";
				SWIFT_EMIT_LOC_STRINGS = YES;
				SWIFT_VERSION = 5.0;
				TARGETED_DEVICE_FAMILY = "1,2";
			};
			name = Release;
		};
		CA187E65283F419100BD304E /* Debug */ = {
			isa = XCBuildConfiguration;
			buildSettings = {
				ALWAYS_EMBED_SWIFT_STANDARD_LIBRARIES = YES;
				BUNDLE_LOADER = "$(TEST_HOST)";
				CODE_SIGN_STYLE = Automatic;
				CURRENT_PROJECT_VERSION = 1;
				GENERATE_INFOPLIST_FILE = YES;
				IPHONEOS_DEPLOYMENT_TARGET = 15.2;
				MARKETING_VERSION = 1.0;
				PRODUCT_BUNDLE_IDENTIFIER = com.rakesh.NewsFeedAppTests;
				PRODUCT_NAME = "$(TARGET_NAME)";
				SWIFT_EMIT_LOC_STRINGS = NO;
				SWIFT_VERSION = 5.0;
				TARGETED_DEVICE_FAMILY = "1,2";
				TEST_HOST = "$(BUILT_PRODUCTS_DIR)/NewsFeedApp.app/NewsFeedApp";
			};
			name = Debug;
		};
		CA187E66283F419100BD304E /* Release */ = {
			isa = XCBuildConfiguration;
			buildSettings = {
				ALWAYS_EMBED_SWIFT_STANDARD_LIBRARIES = YES;
				BUNDLE_LOADER = "$(TEST_HOST)";
				CODE_SIGN_STYLE = Automatic;
				CURRENT_PROJECT_VERSION = 1;
				GENERATE_INFOPLIST_FILE = YES;
				IPHONEOS_DEPLOYMENT_TARGET = 15.2;
				MARKETING_VERSION = 1.0;
				PRODUCT_BUNDLE_IDENTIFIER = com.rakesh.NewsFeedAppTests;
				PRODUCT_NAME = "$(TARGET_NAME)";
				SWIFT_EMIT_LOC_STRINGS = NO;
				SWIFT_VERSION = 5.0;
				TARGETED_DEVICE_FAMILY = "1,2";
				TEST_HOST = "$(BUILT_PRODUCTS_DIR)/NewsFeedApp.app/NewsFeedApp";
			};
			name = Release;
		};
		CA187E68283F419100BD304E /* Debug */ = {
			isa = XCBuildConfiguration;
			buildSettings = {
				ALWAYS_EMBED_SWIFT_STANDARD_LIBRARIES = YES;
				CODE_SIGN_STYLE = Automatic;
				CURRENT_PROJECT_VERSION = 1;
				GENERATE_INFOPLIST_FILE = YES;
				MARKETING_VERSION = 1.0;
				PRODUCT_BUNDLE_IDENTIFIER = com.rakesh.NewsFeedAppUITests;
				PRODUCT_NAME = "$(TARGET_NAME)";
				SWIFT_EMIT_LOC_STRINGS = NO;
				SWIFT_VERSION = 5.0;
				TARGETED_DEVICE_FAMILY = "1,2";
				TEST_TARGET_NAME = NewsFeedApp;
			};
			name = Debug;
		};
		CA187E69283F419100BD304E /* Release */ = {
			isa = XCBuildConfiguration;
			buildSettings = {
				ALWAYS_EMBED_SWIFT_STANDARD_LIBRARIES = YES;
				CODE_SIGN_STYLE = Automatic;
				CURRENT_PROJECT_VERSION = 1;
				GENERATE_INFOPLIST_FILE = YES;
				MARKETING_VERSION = 1.0;
				PRODUCT_BUNDLE_IDENTIFIER = com.rakesh.NewsFeedAppUITests;
				PRODUCT_NAME = "$(TARGET_NAME)";
				SWIFT_EMIT_LOC_STRINGS = NO;
				SWIFT_VERSION = 5.0;
				TARGETED_DEVICE_FAMILY = "1,2";
				TEST_TARGET_NAME = NewsFeedApp;
			};
			name = Release;
		};
/* End XCBuildConfiguration section */

/* Begin XCConfigurationList section */
		CA187E38283F419000BD304E /* Build configuration list for PBXProject "NewsFeedApp" */ = {
			isa = XCConfigurationList;
			buildConfigurations = (
				CA187E5F283F419100BD304E /* Debug */,
				CA187E60283F419100BD304E /* Release */,
			);
			defaultConfigurationIsVisible = 0;
			defaultConfigurationName = Release;
		};
		CA187E61283F419100BD304E /* Build configuration list for PBXNativeTarget "NewsFeedApp" */ = {
			isa = XCConfigurationList;
			buildConfigurations = (
				CA187E62283F419100BD304E /* Debug */,
				CA187E63283F419100BD304E /* Release */,
			);
			defaultConfigurationIsVisible = 0;
			defaultConfigurationName = Release;
		};
		CA187E64283F419100BD304E /* Build configuration list for PBXNativeTarget "NewsFeedAppTests" */ = {
			isa = XCConfigurationList;
			buildConfigurations = (
				CA187E65283F419100BD304E /* Debug */,
				CA187E66283F419100BD304E /* Release */,
			);
			defaultConfigurationIsVisible = 0;
			defaultConfigurationName = Release;
		};
		CA187E67283F419100BD304E /* Build configuration list for PBXNativeTarget "NewsFeedAppUITests" */ = {
			isa = XCConfigurationList;
			buildConfigurations = (
				CA187E68283F419100BD304E /* Debug */,
				CA187E69283F419100BD304E /* Release */,
			);
			defaultConfigurationIsVisible = 0;
			defaultConfigurationName = Release;
		};
/* End XCConfigurationList section */
	};
	rootObject = CA187E35283F419000BD304E /* Project object */;
}
